
Microsoft Visual Studio Solution File, Format Version 12.00
# Visual Studio 14
VisualStudioVersion = 14.0.25420.1
MinimumVisualStudioVersion = 10.0.40219.1
Project("{8BC9CEB8-8B4A-11D0-8D11-00A0C91BC942}") = "Algorithms", "Algorithms\Algorithms.vcxproj", "{30656C15-6BF0-480D-8CEA-4E021070AD58}"
EndProject
Project("{8BC9CEB8-8B4A-11D0-8D11-00A0C91BC942}") = "DataStructures", "DataStructures\DataStructures.vcxproj", "{630A8AE6-0533-481F-BEFC-BE57BBDDE0D7}"
EndProject
Project("{8BC9CEB8-8B4A-11D0-8D11-00A0C91BC942}") = "Gtests", "Gtests\Gtests.vcxproj", "{2BDA4DA7-EC25-4DB7-AF54-98AED200FF89}"
EndProject
Global
	GlobalSection(SolutionConfigurationPlatforms) = preSolution
		Debug|x64 = Debug|x64
		Debug|x86 = Debug|x86
		Release|x64 = Release|x64
		Release|x86 = Release|x86
	EndGlobalSection
	GlobalSection(ProjectConfigurationPlatforms) = postSolution
		{30656C15-6BF0-480D-8CEA-4E021070AD58}.Debug|x64.ActiveCfg = Debug|x64
		{30656C15-6BF0-480D-8CEA-4E021070AD58}.Debug|x64.Build.0 = Debug|x64
		{30656C15-6BF0-480D-8CEA-4E021070AD58}.Debug|x86.ActiveCfg = Debug|Win32
		{30656C15-6BF0-480D-8CEA-4E021070AD58}.Debug|x86.Build.0 = Debug|Win32
		{30656C15-6BF0-480D-8CEA-4E021070AD58}.Release|x64.ActiveCfg = Release|x64
		{30656C15-6BF0-480D-8CEA-4E021070AD58}.Release|x64.Build.0 = Release|x64
		{30656C15-6BF0-480D-8CEA-4E021070AD58}.Release|x86.ActiveCfg = Release|Win32
		{30656C15-6BF0-480D-8CEA-4E021070AD58}.Release|x86.Build.0 = Release|Win32
		{630A8AE6-0533-481F-BEFC-BE57BBDDE0D7}.Debug|x64.ActiveCfg = Debug|x64
		{630A8AE6-0533-481F-BEFC-BE57BBDDE0D7}.Debug|x64.Build.0 = Debug|x64
		{630A8AE6-0533-481F-BEFC-BE57BBDDE0D7}.Debug|x86.ActiveCfg = Debug|Win32
		{630A8AE6-0533-481F-BEFC-BE57BBDDE0D7}.Debug|x86.Build.0 = Debug|Win32
		{630A8AE6-0533-481F-BEFC-BE57BBDDE0D7}.Release|x64.ActiveCfg = Release|x64
		{630A8AE6-0533-481F-BEFC-BE57BBDDE0D7}.Release|x64.Build.0 = Release|x64
		{630A8AE6-0533-481F-BEFC-BE57BBDDE0D7}.Release|x86.ActiveCfg = Release|Win32
		{630A8AE6-0533-481F-BEFC-BE57BBDDE0D7}.Release|x86.Build.0 = Release|Win32
		{2BDA4DA7-EC25-4DB7-AF54-98AED200FF89}.Debug|x64.ActiveCfg = Debug|x64
		{2BDA4DA7-EC25-4DB7-AF54-98AED200FF89}.Debug|x64.Build.0 = Debug|x64
		{2BDA4DA7-EC25-4DB7-AF54-98AED200FF89}.Debug|x86.ActiveCfg = Debug|Win32
		{2BDA4DA7-EC25-4DB7-AF54-98AED200FF89}.Debug|x86.Build.0 = Debug|Win32
		{2BDA4DA7-EC25-4DB7-AF54-98AED200FF89}.Release|x64.ActiveCfg = Release|x64
		{2BDA4DA7-EC25-4DB7-AF54-98AED200FF89}.Release|x64.Build.0 = Release|x64
		{2BDA4DA7-EC25-4DB7-AF54-98AED200FF89}.Release|x86.ActiveCfg = Release|Win32
		{2BDA4DA7-EC25-4DB7-AF54-98AED200FF89}.Release|x86.Build.0 = Release|Win32
	EndGlobalSection
	GlobalSection(SolutionProperties) = preSolution
		HideSolutionNode = FALSE
	EndGlobalSection
EndGlobal
